
Microsoft Visual Studio Solution File, Format Version 12.00
# Visual Studio Version 16
VisualStudioVersion = 16.0.31729.503
MinimumVisualStudioVersion = 10.0.40219.1
Project("{FAE04EC0-301F-11D3-BF4B-00C04F79EFBC}") = "Moving_two-dimensional_objects_application", "Moving_two-dimensional_objects_application\Moving_two-dimensional_objects_application.csproj", "{379E3819-8C0F-41B6-B178-78874C55ABAB}"
EndProject
Global
	GlobalSection(SolutionConfigurationPlatforms) = preSolution
		Debug|Any CPU = Debug|Any CPU
		Release|Any CPU = Release|Any CPU
	EndGlobalSection
	GlobalSection(ProjectConfigurationPlatforms) = postSolution
		{379E3819-8C0F-41B6-B178-78874C55ABAB}.Debug|Any CPU.ActiveCfg = Debug|Any CPU
		{379E3819-8C0F-41B6-B178-78874C55ABAB}.Debug|Any CPU.Build.0 = Debug|Any CPU
		{379E3819-8C0F-41B6-B178-78874C55ABAB}.Release|Any CPU.ActiveCfg = Release|Any CPU
		{379E3819-8C0F-41B6-B178-78874C55ABAB}.Release|Any CPU.Build.0 = Release|Any CPU
	EndGlobalSection
	GlobalSection(SolutionProperties) = preSolution
		HideSolutionNode = FALSE
	EndGlobalSection
	GlobalSection(ExtensibilityGlobals) = postSolution
		SolutionGuid = {80937E44-6962-4BA9-A022-B772B1299A26}
	EndGlobalSection
EndGlobal
